
Microsoft Visual Studio Solution File, Format Version 12.00
# Visual Studio Version 16
VisualStudioVersion = 16.0.30717.126
MinimumVisualStudioVersion = 10.0.40219.1
Project("{FAE04EC0-301F-11D3-BF4B-00C04F79EFBC}") = "Wildfire.Android", "Wildfire.Android\Wildfire.Android.csproj", "{C0DDB8D0-A5DF-4DDB-A667-02837AA8A904}"
EndProject
Project("{FAE04EC0-301F-11D3-BF4B-00C04F79EFBC}") = "Wildfire.iOS", "Wildfire.iOS\Wildfire.iOS.csproj", "{3CE96E8D-BAFC-463C-914D-CE2C1B1D528E}"
EndProject
Project("{FAE04EC0-301F-11D3-BF4B-00C04F79EFBC}") = "Wildfire", "Wildfire\Wildfire.csproj", "{A26AC50B-8917-489B-A45C-A81B618082CD}"
EndProject
Global
	GlobalSection(SolutionConfigurationPlatforms) = preSolution
		Debug|Any CPU = Debug|Any CPU
		Debug|iPhone = Debug|iPhone
		Debug|iPhoneSimulator = Debug|iPhoneSimulator
		Release|Any CPU = Release|Any CPU
		Release|iPhone = Release|iPhone
		Release|iPhoneSimulator = Release|iPhoneSimulator
	EndGlobalSection
	GlobalSection(ProjectConfigurationPlatforms) = postSolution
		{C0DDB8D0-A5DF-4DDB-A667-02837AA8A904}.Debug|Any CPU.ActiveCfg = Debug|Any CPU
		{C0DDB8D0-A5DF-4DDB-A667-02837AA8A904}.Debug|Any CPU.Build.0 = Debug|Any CPU
		{C0DDB8D0-A5DF-4DDB-A667-02837AA8A904}.Debug|Any CPU.Deploy.0 = Debug|Any CPU
		{C0DDB8D0-A5DF-4DDB-A667-02837AA8A904}.Debug|iPhone.ActiveCfg = Debug|Any CPU
		{C0DDB8D0-A5DF-4DDB-A667-02837AA8A904}.Debug|iPhone.Build.0 = Debug|Any CPU
		{C0DDB8D0-A5DF-4DDB-A667-02837AA8A904}.Debug|iPhone.Deploy.0 = Debug|Any CPU
		{C0DDB8D0-A5DF-4DDB-A667-02837AA8A904}.Debug|iPhoneSimulator.ActiveCfg = Debug|Any CPU
		{C0DDB8D0-A5DF-4DDB-A667-02837AA8A904}.Debug|iPhoneSimulator.Build.0 = Debug|Any CPU
		{C0DDB8D0-A5DF-4DDB-A667-02837AA8A904}.Debug|iPhoneSimulator.Deploy.0 = Debug|Any CPU
		{C0DDB8D0-A5DF-4DDB-A667-02837AA8A904}.Release|Any CPU.ActiveCfg = Release|Any CPU
		{C0DDB8D0-A5DF-4DDB-A667-02837AA8A904}.Release|Any CPU.Build.0 = Release|Any CPU
		{C0DDB8D0-A5DF-4DDB-A667-02837AA8A904}.Release|Any CPU.Deploy.0 = Release|Any CPU
		{C0DDB8D0-A5DF-4DDB-A667-02837AA8A904}.Release|iPhone.ActiveCfg = Release|Any CPU
		{C0DDB8D0-A5DF-4DDB-A667-02837AA8A904}.Release|iPhone.Build.0 = Release|Any CPU
		{C0DDB8D0-A5DF-4DDB-A667-02837AA8A904}.Release|iPhone.Deploy.0 = Release|Any CPU
		{C0DDB8D0-A5DF-4DDB-A667-02837AA8A904}.Release|iPhoneSimulator.ActiveCfg = Release|Any CPU
		{C0DDB8D0-A5DF-4DDB-A667-02837AA8A904}.Release|iPhoneSimulator.Build.0 = Release|Any CPU
		{C0DDB8D0-A5DF-4DDB-A667-02837AA8A904}.Release|iPhoneSimulator.Deploy.0 = Release|Any CPU
		{3CE96E8D-BAFC-463C-914D-CE2C1B1D528E}.Debug|Any CPU.ActiveCfg = Debug|iPhone
		{3CE96E8D-BAFC-463C-914D-CE2C1B1D528E}.Debug|Any CPU.Build.0 = Debug|iPhone
		{3CE96E8D-BAFC-463C-914D-CE2C1B1D528E}.Debug|Any CPU.Deploy.0 = Debug|iPhone
		{3CE96E8D-BAFC-463C-914D-CE2C1B1D528E}.Debug|iPhone.ActiveCfg = Debug|iPhone
		{3CE96E8D-BAFC-463C-914D-CE2C1B1D528E}.Debug|iPhone.Build.0 = Debug|iPhone
		{3CE96E8D-BAFC-463C-914D-CE2C1B1D528E}.Debug|iPhone.Deploy.0 = Debug|iPhone
		{3CE96E8D-BAFC-463C-914D-CE2C1B1D528E}.Debug|iPhoneSimulator.ActiveCfg = Debug|iPhoneSimulator
		{3CE96E8D-BAFC-463C-914D-CE2C1B1D528E}.Debug|iPhoneSimulator.Build.0 = Debug|iPhoneSimulator
		{3CE96E8D-BAFC-463C-914D-CE2C1B1D528E}.Debug|iPhoneSimulator.Deploy.0 = Debug|iPhoneSimulator
		{3CE96E8D-BAFC-463C-914D-CE2C1B1D528E}.Release|Any CPU.ActiveCfg = Release|iPhoneSimulator
		{3CE96E8D-BAFC-463C-914D-CE2C1B1D528E}.Release|Any CPU.Build.0 = Release|iPhoneSimulator
		{3CE96E8D-BAFC-463C-914D-CE2C1B1D528E}.Release|Any CPU.Deploy.0 = Release|iPhoneSimulator
		{3CE96E8D-BAFC-463C-914D-CE2C1B1D528E}.Release|iPhone.ActiveCfg = Release|iPhone
		{3CE96E8D-BAFC-463C-914D-CE2C1B1D528E}.Release|iPhone.Build.0 = Release|iPhone
		{3CE96E8D-BAFC-463C-914D-CE2C1B1D528E}.Release|iPhone.Deploy.0 = Release|iPhone
		{3CE96E8D-BAFC-463C-914D-CE2C1B1D528E}.Release|iPhoneSimulator.ActiveCfg = Release|iPhoneSimulator
		{3CE96E8D-BAFC-463C-914D-CE2C1B1D528E}.Release|iPhoneSimulator.Build.0 = Release|iPhoneSimulator
		{3CE96E8D-BAFC-463C-914D-CE2C1B1D528E}.Release|iPhoneSimulator.Deploy.0 = Release|iPhoneSimulator
		{A26AC50B-8917-489B-A45C-A81B618082CD}.Debug|Any CPU.ActiveCfg = Debug|Any CPU
		{A26AC50B-8917-489B-A45C-A81B618082CD}.Debug|Any CPU.Build.0 = Debug|Any CPU
		{A26AC50B-8917-489B-A45C-A81B618082CD}.Debug|Any CPU.Deploy.0 = Debug|Any CPU
		{A26AC50B-8917-489B-A45C-A81B618082CD}.Debug|iPhone.ActiveCfg = Debug|Any CPU
		{A26AC50B-8917-489B-A45C-A81B618082CD}.Debug|iPhone.Build.0 = Debug|Any CPU
		{A26AC50B-8917-489B-A45C-A81B618082CD}.Debug|iPhone.Deploy.0 = Debug|Any CPU
		{A26AC50B-8917-489B-A45C-A81B618082CD}.Debug|iPhoneSimulator.ActiveCfg = Debug|Any CPU
		{A26AC50B-8917-489B-A45C-A81B618082CD}.Debug|iPhoneSimulator.Build.0 = Debug|Any CPU
		{A26AC50B-8917-489B-A45C-A81B618082CD}.Debug|iPhoneSimulator.Deploy.0 = Debug|Any CPU
		{A26AC50B-8917-489B-A45C-A81B618082CD}.Release|Any CPU.ActiveCfg = Release|Any CPU
		{A26AC50B-8917-489B-A45C-A81B618082CD}.Release|Any CPU.Build.0 = Release|Any CPU
		{A26AC50B-8917-489B-A45C-A81B618082CD}.Release|Any CPU.Deploy.0 = Release|Any CPU
		{A26AC50B-8917-489B-A45C-A81B618082CD}.Release|iPhone.ActiveCfg = Release|Any CPU
		{A26AC50B-8917-489B-A45C-A81B618082CD}.Release|iPhone.Build.0 = Release|Any CPU
		{A26AC50B-8917-489B-A45C-A81B618082CD}.Release|iPhone.Deploy.0 = Release|Any CPU
		{A26AC50B-8917-489B-A45C-A81B618082CD}.Release|iPhoneSimulator.ActiveCfg = Release|Any CPU
		{A26AC50B-8917-489B-A45C-A81B618082CD}.Release|iPhoneSimulator.Build.0 = Release|Any CPU
		{A26AC50B-8917-489B-A45C-A81B618082CD}.Release|iPhoneSimulator.Deploy.0 = Release|Any CPU
	EndGlobalSection
	GlobalSection(SolutionProperties) = preSolution
		HideSolutionNode = FALSE
	EndGlobalSection
	GlobalSection(ExtensibilityGlobals) = postSolution
		SolutionGuid = {53A543DB-DAE7-4267-825E-9750A5602C0D}
	EndGlobalSection
EndGlobal
